
Microsoft Visual Studio Solution File, Format Version 12.00
# Visual Studio 2013
VisualStudioVersion = 12.0.21005.1
MinimumVisualStudioVersion = 10.0.40219.1
Project("{FAE04EC0-301F-11D3-BF4B-00C04F79EFBC}") = "Zajecia01LAB01cw01", "WszystkieCwiczenia\Zajecia01LAB01cw01.csproj", "{14AC4764-B441-4021-849C-7179BD71D984}"
EndProject
Project("{FAE04EC0-301F-11D3-BF4B-00C04F79EFBC}") = "Zajecia01LAB01cw02", "Zajecia01LAB01cw02\Zajecia01LAB01cw02.csproj", "{BA45F374-0134-4F8B-9C99-509023CCC5C0}"
EndProject
Project("{FAE04EC0-301F-11D3-BF4B-00C04F79EFBC}") = "Zajecia01LAB01cw03", "Zajecia01LAB01cw03\Zajecia01LAB01cw03.csproj", "{2E7536B1-2F22-4B4A-A7FA-872111D5ABFE}"
EndProject
Project("{FAE04EC0-301F-11D3-BF4B-00C04F79EFBC}") = "Zajecia01LAB01cw04", "Zajecia01LAB01cw04\Zajecia01LAB01cw04.csproj", "{00D6710D-3B79-4E05-9599-F4CB9DD0FB62}"
EndProject
Project("{FAE04EC0-301F-11D3-BF4B-00C04F79EFBC}") = "Zajecia01LAB01cw05", "Zajecia01LAB01cw05\Zajecia01LAB01cw05.csproj", "{90E4EB1C-A87E-48B2-98F7-4F2919F414E3}"
EndProject
Project("{FAE04EC0-301F-11D3-BF4B-00C04F79EFBC}") = "Zajecia01LAB01cw06", "Zajecia01LAB01cw06\Zajecia01LAB01cw06.csproj", "{553B7376-B8B1-4ACA-AF24-4812F2667707}"
EndProject
Project("{FAE04EC0-301F-11D3-BF4B-00C04F79EFBC}") = "Zajecia01LAB01cw07", "Zajecia01LAB01cw07\Zajecia01LAB01cw07.csproj", "{84023FED-3A41-4E87-9A17-187A0DEA8AC6}"
EndProject
Project("{FAE04EC0-301F-11D3-BF4B-00C04F79EFBC}") = "Zajecia01LAB01cw08", "Zajecia01LAB01cw08\Zajecia01LAB01cw08.csproj", "{445E7962-C5BD-4FC8-9305-69E4814989B7}"
EndProject
Project("{FAE04EC0-301F-11D3-BF4B-00C04F79EFBC}") = "Zajecia01LAB01cw09", "Zajecia01LAB01cw09\Zajecia01LAB01cw09.csproj", "{23477E4A-8B83-4DC7-8DD4-E6E56A44204D}"
EndProject
Project("{FAE04EC0-301F-11D3-BF4B-00C04F79EFBC}") = "Zajecia01LAB01cw10", "Zajecia01LAB01cw10\Zajecia01LAB01cw10.csproj", "{009F7A1B-B3AA-4B18-9A1E-49976FA1373C}"
EndProject
Project("{FAE04EC0-301F-11D3-BF4B-00C04F79EFBC}") = "Zajecia01LAB01cw11", "Zajecia01LAB01cw11\Zajecia01LAB01cw11.csproj", "{CF25CD50-CF14-41EB-91B5-93EBB38E7D9C}"
EndProject
Project("{FAE04EC0-301F-11D3-BF4B-00C04F79EFBC}") = "Zajecia01LAB01cw12", "Zajecia01LAB01cw12\Zajecia01LAB01cw12.csproj", "{02001E1B-9E27-43D2-8AED-E1E760458445}"
EndProject
Project("{FAE04EC0-301F-11D3-BF4B-00C04F79EFBC}") = "Zajecia01LAB01cw13", "Zajecia01LAB01cw13\Zajecia01LAB01cw13.csproj", "{5D9D703D-85F5-45BB-8AE0-7F7E33EBC242}"
EndProject
Project("{FAE04EC0-301F-11D3-BF4B-00C04F79EFBC}") = "Zajecia01LAB01cw14", "Zajecia01LAB01cw14\Zajecia01LAB01cw14.csproj", "{A0A866DC-BAA2-4F3E-BE84-D38095736D92}"
EndProject
Project("{FAE04EC0-301F-11D3-BF4B-00C04F79EFBC}") = "Zajecia01LAB01cw15", "Zajecia01LAB01cw15\Zajecia01LAB01cw15.csproj", "{C2C7A34A-B444-47D8-8ED3-7AD2626785B3}"
EndProject
Project("{FAE04EC0-301F-11D3-BF4B-00C04F79EFBC}") = "Zajecia01LAB01cw16", "Zajecia01LAB01cw16\Zajecia01LAB01cw16.csproj", "{ADCE0175-2DCA-4C8A-82AC-5EF3626C8E0F}"
EndProject
Project("{FAE04EC0-301F-11D3-BF4B-00C04F79EFBC}") = "Zajecia02LABcw01", "Zajecia02LABcw01\Zajecia02LABcw01.csproj", "{47A42558-A9FB-4162-8289-02770CB1556E}"
EndProject
Project("{FAE04EC0-301F-11D3-BF4B-00C04F79EFBC}") = "Zajecia02LABcw02", "Zajecia02LABcw02\Zajecia02LABcw02.csproj", "{130ED47B-77EC-4413-95E0-E1B148F5E5B8}"
EndProject
Project("{FAE04EC0-301F-11D3-BF4B-00C04F79EFBC}") = "Zajecia02LABcw03", "Zajecia02LABcw03\Zajecia02LABcw03.csproj", "{98DCD5E1-BBE8-4C12-AAB3-B6AC67728980}"
EndProject
Project("{FAE04EC0-301F-11D3-BF4B-00C04F79EFBC}") = "Zajecia02LABcw04", "Zajecia02LABcw04\Zajecia02LABcw04.csproj", "{E793AD16-B820-4FFD-9BF2-D680A2BED916}"
EndProject
Project("{FAE04EC0-301F-11D3-BF4B-00C04F79EFBC}") = "Zajecia02LABcw05", "Zajecia02LABcw05\Zajecia02LABcw05.csproj", "{25C4DAF7-E195-4DFA-8218-4942A1EAA697}"
EndProject
Project("{FAE04EC0-301F-11D3-BF4B-00C04F79EFBC}") = "Zajecia02LABcw06", "Zajecia02LABcw06\Zajecia02LABcw06.csproj", "{304D4E9D-6DB5-40C6-A86A-A403B620369D}"
EndProject
Project("{FAE04EC0-301F-11D3-BF4B-00C04F79EFBC}") = "Zajecia02LABcw07", "Zajecia02LABcw07\Zajecia02LABcw07.csproj", "{23E151D0-BA0F-4E76-B47E-D75BAAB65CD2}"
EndProject
Project("{FAE04EC0-301F-11D3-BF4B-00C04F79EFBC}") = "Zajecia03LABcw01[nie działa]", "Zajecia03LABcw01\Zajecia03LABcw01[nie działa].csproj", "{FB029999-1D97-4391-A473-7CB133807547}"
EndProject
Project("{FAE04EC0-301F-11D3-BF4B-00C04F79EFBC}") = "Zajecia03LABcw03", "Zajecia03LABcw03\Zajecia03LABcw03.csproj", "{D7A608E9-F9F6-4573-9203-FA08DD254059}"
EndProject
Project("{FAE04EC0-301F-11D3-BF4B-00C04F79EFBC}") = "Zajecia03LABcw04", "Zajecia03LABcw04\Zajecia03LABcw04.csproj", "{0E0DD2AB-0372-41EE-8661-AA2FD407DE68}"
EndProject
Project("{FAE04EC0-301F-11D3-BF4B-00C04F79EFBC}") = "Zajecia03LABcw05", "Zajecia03LABcw05\Zajecia03LABcw05.csproj", "{CB97B9D4-271F-4C17-847A-A24A047A09E3}"
EndProject
Global
	GlobalSection(SolutionConfigurationPlatforms) = preSolution
		Debug|Any CPU = Debug|Any CPU
		Release|Any CPU = Release|Any CPU
	EndGlobalSection
	GlobalSection(ProjectConfigurationPlatforms) = postSolution
		{14AC4764-B441-4021-849C-7179BD71D984}.Debug|Any CPU.ActiveCfg = Debug|Any CPU
		{14AC4764-B441-4021-849C-7179BD71D984}.Debug|Any CPU.Build.0 = Debug|Any CPU
		{14AC4764-B441-4021-849C-7179BD71D984}.Release|Any CPU.ActiveCfg = Release|Any CPU
		{14AC4764-B441-4021-849C-7179BD71D984}.Release|Any CPU.Build.0 = Release|Any CPU
		{BA45F374-0134-4F8B-9C99-509023CCC5C0}.Debug|Any CPU.ActiveCfg = Debug|Any CPU
		{BA45F374-0134-4F8B-9C99-509023CCC5C0}.Debug|Any CPU.Build.0 = Debug|Any CPU
		{BA45F374-0134-4F8B-9C99-509023CCC5C0}.Release|Any CPU.ActiveCfg = Release|Any CPU
		{BA45F374-0134-4F8B-9C99-509023CCC5C0}.Release|Any CPU.Build.0 = Release|Any CPU
		{2E7536B1-2F22-4B4A-A7FA-872111D5ABFE}.Debug|Any CPU.ActiveCfg = Debug|Any CPU
		{2E7536B1-2F22-4B4A-A7FA-872111D5ABFE}.Debug|Any CPU.Build.0 = Debug|Any CPU
		{2E7536B1-2F22-4B4A-A7FA-872111D5ABFE}.Release|Any CPU.ActiveCfg = Release|Any CPU
		{2E7536B1-2F22-4B4A-A7FA-872111D5ABFE}.Release|Any CPU.Build.0 = Release|Any CPU
		{00D6710D-3B79-4E05-9599-F4CB9DD0FB62}.Debug|Any CPU.ActiveCfg = Debug|Any CPU
		{00D6710D-3B79-4E05-9599-F4CB9DD0FB62}.Debug|Any CPU.Build.0 = Debug|Any CPU
		{00D6710D-3B79-4E05-9599-F4CB9DD0FB62}.Release|Any CPU.ActiveCfg = Release|Any CPU
		{00D6710D-3B79-4E05-9599-F4CB9DD0FB62}.Release|Any CPU.Build.0 = Release|Any CPU
		{90E4EB1C-A87E-48B2-98F7-4F2919F414E3}.Debug|Any CPU.ActiveCfg = Debug|Any CPU
		{90E4EB1C-A87E-48B2-98F7-4F2919F414E3}.Debug|Any CPU.Build.0 = Debug|Any CPU
		{90E4EB1C-A87E-48B2-98F7-4F2919F414E3}.Release|Any CPU.ActiveCfg = Release|Any CPU
		{90E4EB1C-A87E-48B2-98F7-4F2919F414E3}.Release|Any CPU.Build.0 = Release|Any CPU
		{553B7376-B8B1-4ACA-AF24-4812F2667707}.Debug|Any CPU.ActiveCfg = Debug|Any CPU
		{553B7376-B8B1-4ACA-AF24-4812F2667707}.Debug|Any CPU.Build.0 = Debug|Any CPU
		{553B7376-B8B1-4ACA-AF24-4812F2667707}.Release|Any CPU.ActiveCfg = Release|Any CPU
		{553B7376-B8B1-4ACA-AF24-4812F2667707}.Release|Any CPU.Build.0 = Release|Any CPU
		{84023FED-3A41-4E87-9A17-187A0DEA8AC6}.Debug|Any CPU.ActiveCfg = Debug|Any CPU
		{84023FED-3A41-4E87-9A17-187A0DEA8AC6}.Debug|Any CPU.Build.0 = Debug|Any CPU
		{84023FED-3A41-4E87-9A17-187A0DEA8AC6}.Release|Any CPU.ActiveCfg = Release|Any CPU
		{84023FED-3A41-4E87-9A17-187A0DEA8AC6}.Release|Any CPU.Build.0 = Release|Any CPU
		{445E7962-C5BD-4FC8-9305-69E4814989B7}.Debug|Any CPU.ActiveCfg = Debug|Any CPU
		{445E7962-C5BD-4FC8-9305-69E4814989B7}.Debug|Any CPU.Build.0 = Debug|Any CPU
		{445E7962-C5BD-4FC8-9305-69E4814989B7}.Release|Any CPU.ActiveCfg = Release|Any CPU
		{445E7962-C5BD-4FC8-9305-69E4814989B7}.Release|Any CPU.Build.0 = Release|Any CPU
		{23477E4A-8B83-4DC7-8DD4-E6E56A44204D}.Debug|Any CPU.ActiveCfg = Debug|Any CPU
		{23477E4A-8B83-4DC7-8DD4-E6E56A44204D}.Debug|Any CPU.Build.0 = Debug|Any CPU
		{23477E4A-8B83-4DC7-8DD4-E6E56A44204D}.Release|Any CPU.ActiveCfg = Release|Any CPU
		{23477E4A-8B83-4DC7-8DD4-E6E56A44204D}.Release|Any CPU.Build.0 = Release|Any CPU
		{009F7A1B-B3AA-4B18-9A1E-49976FA1373C}.Debug|Any CPU.ActiveCfg = Debug|Any CPU
		{009F7A1B-B3AA-4B18-9A1E-49976FA1373C}.Debug|Any CPU.Build.0 = Debug|Any CPU
		{009F7A1B-B3AA-4B18-9A1E-49976FA1373C}.Release|Any CPU.ActiveCfg = Release|Any CPU
		{009F7A1B-B3AA-4B18-9A1E-49976FA1373C}.Release|Any CPU.Build.0 = Release|Any CPU
		{CF25CD50-CF14-41EB-91B5-93EBB38E7D9C}.Debug|Any CPU.ActiveCfg = Debug|Any CPU
		{CF25CD50-CF14-41EB-91B5-93EBB38E7D9C}.Debug|Any CPU.Build.0 = Debug|Any CPU
		{CF25CD50-CF14-41EB-91B5-93EBB38E7D9C}.Release|Any CPU.ActiveCfg = Release|Any CPU
		{CF25CD50-CF14-41EB-91B5-93EBB38E7D9C}.Release|Any CPU.Build.0 = Release|Any CPU
		{02001E1B-9E27-43D2-8AED-E1E760458445}.Debug|Any CPU.ActiveCfg = Debug|Any CPU
		{02001E1B-9E27-43D2-8AED-E1E760458445}.Debug|Any CPU.Build.0 = Debug|Any CPU
		{02001E1B-9E27-43D2-8AED-E1E760458445}.Release|Any CPU.ActiveCfg = Release|Any CPU
		{02001E1B-9E27-43D2-8AED-E1E760458445}.Release|Any CPU.Build.0 = Release|Any CPU
		{5D9D703D-85F5-45BB-8AE0-7F7E33EBC242}.Debug|Any CPU.ActiveCfg = Debug|Any CPU
		{5D9D703D-85F5-45BB-8AE0-7F7E33EBC242}.Debug|Any CPU.Build.0 = Debug|Any CPU
		{5D9D703D-85F5-45BB-8AE0-7F7E33EBC242}.Release|Any CPU.ActiveCfg = Release|Any CPU
		{5D9D703D-85F5-45BB-8AE0-7F7E33EBC242}.Release|Any CPU.Build.0 = Release|Any CPU
		{A0A866DC-BAA2-4F3E-BE84-D38095736D92}.Debug|Any CPU.ActiveCfg = Debug|Any CPU
		{A0A866DC-BAA2-4F3E-BE84-D38095736D92}.Debug|Any CPU.Build.0 = Debug|Any CPU
		{A0A866DC-BAA2-4F3E-BE84-D38095736D92}.Release|Any CPU.ActiveCfg = Release|Any CPU
		{A0A866DC-BAA2-4F3E-BE84-D38095736D92}.Release|Any CPU.Build.0 = Release|Any CPU
		{C2C7A34A-B444-47D8-8ED3-7AD2626785B3}.Debug|Any CPU.ActiveCfg = Debug|Any CPU
		{C2C7A34A-B444-47D8-8ED3-7AD2626785B3}.Debug|Any CPU.Build.0 = Debug|Any CPU
		{C2C7A34A-B444-47D8-8ED3-7AD2626785B3}.Release|Any CPU.ActiveCfg = Release|Any CPU
		{C2C7A34A-B444-47D8-8ED3-7AD2626785B3}.Release|Any CPU.Build.0 = Release|Any CPU
		{ADCE0175-2DCA-4C8A-82AC-5EF3626C8E0F}.Debug|Any CPU.ActiveCfg = Debug|Any CPU
		{ADCE0175-2DCA-4C8A-82AC-5EF3626C8E0F}.Debug|Any CPU.Build.0 = Debug|Any CPU
		{ADCE0175-2DCA-4C8A-82AC-5EF3626C8E0F}.Release|Any CPU.ActiveCfg = Release|Any CPU
		{ADCE0175-2DCA-4C8A-82AC-5EF3626C8E0F}.Release|Any CPU.Build.0 = Release|Any CPU
		{47A42558-A9FB-4162-8289-02770CB1556E}.Debug|Any CPU.ActiveCfg = Debug|Any CPU
		{47A42558-A9FB-4162-8289-02770CB1556E}.Debug|Any CPU.Build.0 = Debug|Any CPU
		{47A42558-A9FB-4162-8289-02770CB1556E}.Release|Any CPU.ActiveCfg = Release|Any CPU
		{47A42558-A9FB-4162-8289-02770CB1556E}.Release|Any CPU.Build.0 = Release|Any CPU
		{130ED47B-77EC-4413-95E0-E1B148F5E5B8}.Debug|Any CPU.ActiveCfg = Debug|Any CPU
		{130ED47B-77EC-4413-95E0-E1B148F5E5B8}.Debug|Any CPU.Build.0 = Debug|Any CPU
		{130ED47B-77EC-4413-95E0-E1B148F5E5B8}.Release|Any CPU.ActiveCfg = Release|Any CPU
		{130ED47B-77EC-4413-95E0-E1B148F5E5B8}.Release|Any CPU.Build.0 = Release|Any CPU
		{98DCD5E1-BBE8-4C12-AAB3-B6AC67728980}.Debug|Any CPU.ActiveCfg = Debug|Any CPU
		{98DCD5E1-BBE8-4C12-AAB3-B6AC67728980}.Debug|Any CPU.Build.0 = Debug|Any CPU
		{98DCD5E1-BBE8-4C12-AAB3-B6AC67728980}.Release|Any CPU.ActiveCfg = Release|Any CPU
		{98DCD5E1-BBE8-4C12-AAB3-B6AC67728980}.Release|Any CPU.Build.0 = Release|Any CPU
		{E793AD16-B820-4FFD-9BF2-D680A2BED916}.Debug|Any CPU.ActiveCfg = Debug|Any CPU
		{E793AD16-B820-4FFD-9BF2-D680A2BED916}.Debug|Any CPU.Build.0 = Debug|Any CPU
		{E793AD16-B820-4FFD-9BF2-D680A2BED916}.Release|Any CPU.ActiveCfg = Release|Any CPU
		{E793AD16-B820-4FFD-9BF2-D680A2BED916}.Release|Any CPU.Build.0 = Release|Any CPU
		{25C4DAF7-E195-4DFA-8218-4942A1EAA697}.Debug|Any CPU.ActiveCfg = Debug|Any CPU
		{25C4DAF7-E195-4DFA-8218-4942A1EAA697}.Debug|Any CPU.Build.0 = Debug|Any CPU
		{25C4DAF7-E195-4DFA-8218-4942A1EAA697}.Release|Any CPU.ActiveCfg = Release|Any CPU
		{25C4DAF7-E195-4DFA-8218-4942A1EAA697}.Release|Any CPU.Build.0 = Release|Any CPU
		{304D4E9D-6DB5-40C6-A86A-A403B620369D}.Debug|Any CPU.ActiveCfg = Debug|Any CPU
		{304D4E9D-6DB5-40C6-A86A-A403B620369D}.Debug|Any CPU.Build.0 = Debug|Any CPU
		{304D4E9D-6DB5-40C6-A86A-A403B620369D}.Release|Any CPU.ActiveCfg = Release|Any CPU
		{304D4E9D-6DB5-40C6-A86A-A403B620369D}.Release|Any CPU.Build.0 = Release|Any CPU
		{23E151D0-BA0F-4E76-B47E-D75BAAB65CD2}.Debug|Any CPU.ActiveCfg = Debug|Any CPU
		{23E151D0-BA0F-4E76-B47E-D75BAAB65CD2}.Debug|Any CPU.Build.0 = Debug|Any CPU
		{23E151D0-BA0F-4E76-B47E-D75BAAB65CD2}.Release|Any CPU.ActiveCfg = Release|Any CPU
		{23E151D0-BA0F-4E76-B47E-D75BAAB65CD2}.Release|Any CPU.Build.0 = Release|Any CPU
		{FB029999-1D97-4391-A473-7CB133807547}.Debug|Any CPU.ActiveCfg = Debug|Any CPU
		{FB029999-1D97-4391-A473-7CB133807547}.Debug|Any CPU.Build.0 = Debug|Any CPU
		{FB029999-1D97-4391-A473-7CB133807547}.Release|Any CPU.ActiveCfg = Release|Any CPU
		{FB029999-1D97-4391-A473-7CB133807547}.Release|Any CPU.Build.0 = Release|Any CPU
		{D7A608E9-F9F6-4573-9203-FA08DD254059}.Debug|Any CPU.ActiveCfg = Debug|Any CPU
		{D7A608E9-F9F6-4573-9203-FA08DD254059}.Debug|Any CPU.Build.0 = Debug|Any CPU
		{D7A608E9-F9F6-4573-9203-FA08DD254059}.Release|Any CPU.ActiveCfg = Release|Any CPU
		{D7A608E9-F9F6-4573-9203-FA08DD254059}.Release|Any CPU.Build.0 = Release|Any CPU
		{0E0DD2AB-0372-41EE-8661-AA2FD407DE68}.Debug|Any CPU.ActiveCfg = Debug|Any CPU
		{0E0DD2AB-0372-41EE-8661-AA2FD407DE68}.Debug|Any CPU.Build.0 = Debug|Any CPU
		{0E0DD2AB-0372-41EE-8661-AA2FD407DE68}.Release|Any CPU.ActiveCfg = Release|Any CPU
		{0E0DD2AB-0372-41EE-8661-AA2FD407DE68}.Release|Any CPU.Build.0 = Release|Any CPU
		{CB97B9D4-271F-4C17-847A-A24A047A09E3}.Debug|Any CPU.ActiveCfg = Debug|Any CPU
		{CB97B9D4-271F-4C17-847A-A24A047A09E3}.Debug|Any CPU.Build.0 = Debug|Any CPU
		{CB97B9D4-271F-4C17-847A-A24A047A09E3}.Release|Any CPU.ActiveCfg = Release|Any CPU
		{CB97B9D4-271F-4C17-847A-A24A047A09E3}.Release|Any CPU.Build.0 = Release|Any CPU
	EndGlobalSection
	GlobalSection(SolutionProperties) = preSolution
		HideSolutionNode = FALSE
	EndGlobalSection
EndGlobal
