
Microsoft Visual Studio Solution File, Format Version 12.00
# Visual Studio 2013
VisualStudioVersion = 12.0.21005.1
MinimumVisualStudioVersion = 10.0.40219.1
Project("{FAE04EC0-301F-11D3-BF4B-00C04F79EFBC}") = "Zajecia01LAB01cw01", "WszystkieCwiczenia\Zajecia01LAB01cw01.csproj", "{14AC4764-B441-4021-849C-7179BD71D984}"
EndProject
Project("{FAE04EC0-301F-11D3-BF4B-00C04F79EFBC}") = "Zajecia01LAB01cw02", "Zajecia01LAB01cw02\Zajecia01LAB01cw02.csproj", "{BA45F374-0134-4F8B-9C99-509023CCC5C0}"
EndProject
Project("{FAE04EC0-301F-11D3-BF4B-00C04F79EFBC}") = "Zajecia01LAB01cw03", "Zajecia01LAB01cw03\Zajecia01LAB01cw03.csproj", "{2E7536B1-2F22-4B4A-A7FA-872111D5ABFE}"
EndProject
Global
	GlobalSection(SolutionConfigurationPlatforms) = preSolution
		Debug|Any CPU = Debug|Any CPU
		Release|Any CPU = Release|Any CPU
	EndGlobalSection
	GlobalSection(ProjectConfigurationPlatforms) = postSolution
		{14AC4764-B441-4021-849C-7179BD71D984}.Debug|Any CPU.ActiveCfg = Debug|Any CPU
		{14AC4764-B441-4021-849C-7179BD71D984}.Debug|Any CPU.Build.0 = Debug|Any CPU
		{14AC4764-B441-4021-849C-7179BD71D984}.Release|Any CPU.ActiveCfg = Release|Any CPU
		{14AC4764-B441-4021-849C-7179BD71D984}.Release|Any CPU.Build.0 = Release|Any CPU
		{BA45F374-0134-4F8B-9C99-509023CCC5C0}.Debug|Any CPU.ActiveCfg = Debug|Any CPU
		{BA45F374-0134-4F8B-9C99-509023CCC5C0}.Debug|Any CPU.Build.0 = Debug|Any CPU
		{BA45F374-0134-4F8B-9C99-509023CCC5C0}.Release|Any CPU.ActiveCfg = Release|Any CPU
		{BA45F374-0134-4F8B-9C99-509023CCC5C0}.Release|Any CPU.Build.0 = Release|Any CPU
		{2E7536B1-2F22-4B4A-A7FA-872111D5ABFE}.Debug|Any CPU.ActiveCfg = Debug|Any CPU
		{2E7536B1-2F22-4B4A-A7FA-872111D5ABFE}.Debug|Any CPU.Build.0 = Debug|Any CPU
		{2E7536B1-2F22-4B4A-A7FA-872111D5ABFE}.Release|Any CPU.ActiveCfg = Release|Any CPU
		{2E7536B1-2F22-4B4A-A7FA-872111D5ABFE}.Release|Any CPU.Build.0 = Release|Any CPU
	EndGlobalSection
	GlobalSection(SolutionProperties) = preSolution
		HideSolutionNode = FALSE
	EndGlobalSection
EndGlobal
